%{"decimal": {:hex, :decimal, "1.1.0"},
  "ecto": {:hex, :ecto, "0.11.2"},
  "espec": {:hex, :espec, "0.8.27", "1aa970f0e369921fa8546e134308fb62dda142639b5820b4beae252e6639c472", [:mix], [{:meck, "~> 0.8.4", [hex: :meck, optional: false]}]},
  "floki": {:hex, :floki, "0.9.0", "e952ca71a453f7827ab5405106ac8d9ac5c9602d18aa5d2d893e5b9944e2499e", [:mix], [{:mochiweb_html, "~> 2.15", [hex: :mochiweb_html, optional: false]}]},
  "meck": {:hex, :meck, "0.8.4", "59ca1cd971372aa223138efcf9b29475bde299e1953046a0c727184790ab1520", [:rebar, :make], []},
  "mochiweb": {:hex, :mochiweb, "2.12.2"},
  "mochiweb_html": {:hex, :mochiweb_html, "2.15.0", "d7402e967d7f9f2912f8befa813c37be62d5eeeddbbcb6fe986c44e01460d497", [:rebar3], []},
  "phoenix": {:hex, :phoenix, "0.13.0", "85464eb936bdbed0fc224b5df2046d9f0f2fe0364db5dd9b8efad2f0a325b586", [:mix], [{:cowboy, "~> 1.0", [hex: :cowboy, optional: true]}, {:plug, ">= 0.12.2 and < 2.0.0", [hex: :plug, optional: false]}, {:poison, "~> 1.3", [hex: :poison, optional: false]}, {:poolboy, "~> 1.5.1 or ~> 1.6", [hex: :poolboy, optional: true]}]},
  "phoenix_ecto": {:hex, :phoenix_ecto, "0.4.0"},
  "phoenix_html": {:hex, :phoenix_html, "1.0.1"},
  "plug": {:hex, :plug, "0.12.2", "fe4166112b85095ec516d4f940948309e3eddd68db1570dca57b24a1cf697af9", [:mix], [{:cowboy, "~> 1.0", [hex: :cowboy, optional: true]}]},
  "poison": {:hex, :poison, "1.4.0", "cd5afb9db7f0d19487572fa28185b6d4de647f14235746824e77b3139b79b725", [:mix], []},
  "poolboy": {:hex, :poolboy, "1.5.1"}}
