%{"connection": {:hex, :connection, "1.0.2", "f4a06dd3ecae4141aa66f94ce92ea4c4b8753069472814932f1cadbc3078ab80", [:mix], []},
  "cowboy": {:hex, :cowboy, "1.0.4", "a324a8df9f2316c833a470d918aaf73ae894278b8aa6226ce7a9bf699388f878", [:rebar, :make], [{:cowlib, "~> 1.0.0", [hex: :cowlib, optional: false]}, {:ranch, "~> 1.0", [hex: :ranch, optional: false]}]},
  "cowlib": {:hex, :cowlib, "1.0.2", "9d769a1d062c9c3ac753096f868ca121e2730b9a377de23dec0f7e08b1df84ee", [:make], []},
  "db_connection": {:hex, :db_connection, "0.2.3", "9718deeb713ceb5213950a0de4f29b98133f4cb73cc9aca65648b5a8a1414c59", [:mix], [{:sbroker, "~> 0.7", [hex: :sbroker, optional: true]}, {:poolboy, "~> 1.5", [hex: :poolboy, optional: true]}, {:connection, "~> 1.0.2", [hex: :connection, optional: false]}]},
  "decimal": {:hex, :decimal, "1.1.1", "a8ff5b673105e6cdaca96f799aeefc6f07142881b616c65db16e14e556b16e76", [:mix], []},
  "ecto": {:hex, :ecto, "1.1.3", "859244ba9b7e10ba18889e48172d6455b552df3f9029bf312bcc7e360e3224de", [:mix], [{:sbroker, "~> 0.7", [hex: :sbroker, optional: true]}, {:postgrex, "~> 0.11.0", [hex: :postgrex, optional: true]}, {:poolboy, "~> 1.4", [hex: :poolboy, optional: false]}, {:poison, "~> 1.0", [hex: :poison, optional: true]}, {:mariaex, "~> 0.5.0", [hex: :mariaex, optional: true]}, {:decimal, "~> 1.0", [hex: :decimal, optional: false]}]},
  "espec": {:hex, :espec, "0.8.22", "65712cf269071202b6196a91eb752d954841da2c3452726b56344be8b78260d2", [:mix], [{:meck, "~> 0.8.4", [hex: :meck, optional: false]}]},
  "floki": {:hex, :floki, "0.9.0", "e952ca71a453f7827ab5405106ac8d9ac5c9602d18aa5d2d893e5b9944e2499e", [:mix], [{:mochiweb_html, "~> 2.15", [hex: :mochiweb_html, optional: false]}]},
  "fs": {:hex, :fs, "0.9.2", "ed17036c26c3f70ac49781ed9220a50c36775c6ca2cf8182d123b6566e49ec59", [:rebar], []},
  "gettext": {:hex, :gettext, "0.9.0", "b732430dce0cbb3e370d89cdf6a7dbe48647a708f92754262601b62a0eb47e6f", [:mix], []},
  "meck": {:hex, :meck, "0.8.4", "59ca1cd971372aa223138efcf9b29475bde299e1953046a0c727184790ab1520", [:rebar, :make], []},
  "mochiweb": {:hex, :mochiweb, "2.12.2"},
  "mochiweb_html": {:hex, :mochiweb_html, "2.15.0", "d7402e967d7f9f2912f8befa813c37be62d5eeeddbbcb6fe986c44e01460d497", [:rebar3], []},
  "phoenix": {:hex, :phoenix, "1.2.0", "1bdeb99c254f4c534cdf98fd201dede682297ccc62fcac5d57a2627c3b6681fb", [:mix], [{:poison, "~> 1.5 or ~> 2.0", [hex: :poison, optional: false]}, {:phoenix_pubsub, "~> 1.0", [hex: :phoenix_pubsub, optional: false]}, {:plug, "~> 1.1", [hex: :plug, optional: false]}, {:cowboy, "~> 1.0", [hex: :cowboy, optional: true]}]},
  "phoenix_ecto": {:hex, :phoenix_ecto, "2.0.1", "24532a443b1686150fd14819a4a366eccf41135da2a2ed6ae2f78597828ecb0a", [:mix], [{:poison, "~> 1.3", [hex: :poison, optional: true]}, {:phoenix_html, "~> 2.2", [hex: :phoenix_html, optional: true]}, {:ecto, "~> 1.1.2", [hex: :ecto, optional: false]}]},
  "phoenix_html": {:hex, :phoenix_html, "2.5.0", "44377a0470e8368ff7e6180dcafabeafe5112e920cf2a72e630416cb4b6b58c1", [:mix], [{:plug, "~> 0.13 or ~> 1.0", [hex: :plug, optional: false]}]},
  "phoenix_live_reload": {:hex, :phoenix_live_reload, "1.0.0", "d985d0cd1d36e89d58cae3da7117dca0724d93922613b8b6b82fef7dcad5659d", [:mix], [{:phoenix, "~> 0.16 or ~> 1.0", [hex: :phoenix, optional: false]}, {:fs, "~> 0.9.1", [hex: :fs, optional: false]}]},
  "phoenix_pubsub": {:hex, :phoenix_pubsub, "1.0.0", "c31af4be22afeeebfaf246592778c8c840e5a1ddc7ca87610c41ccfb160c2c57", [:mix], []},
  "plug": {:hex, :plug, "1.1.6", "8927e4028433fcb859e000b9389ee9c37c80eb28378eeeea31b0273350bf668b", [:mix], [{:cowboy, "~> 1.0", [hex: :cowboy, optional: true]}]},
  "poison": {:hex, :poison, "1.5.2", "560bdfb7449e3ddd23a096929fb9fc2122f709bcc758b2d5d5a5c7d0ea848910", [:mix], []},
  "poolboy": {:hex, :poolboy, "1.5.1", "6b46163901cfd0a1b43d692657ed9d7e599853b3b21b95ae5ae0a777cf9b6ca8", [:rebar], []},
  "postgrex": {:hex, :postgrex, "0.11.0", "ffc900db99742a57f26da3e56c15a6f38bb419f0d627452da82036b6809b6042", [:mix], [{:decimal, "~> 1.0", [hex: :decimal, optional: false]}, {:db_connection, "~> 0.2", [hex: :db_connection, optional: false]}, {:connection, "~> 1.0", [hex: :connection, optional: false]}]},
  "ranch": {:hex, :ranch, "1.2.1", "a6fb992c10f2187b46ffd17ce398ddf8a54f691b81768f9ef5f461ea7e28c762", [:make], []}}
